github.com/davecgh/go-spew v1.1.0/go.mod h1:J7Y8YcW2NihsgmVo/mv3lAwl/skON4iLHjSsI+c5H38=
github.com/davecgh/go-spew v1.1.1 h1:vj9j/u1bqnvCEfJOwUhtlOARqs3+rkHYY13jYWTU97c=
github.com/davecgh/go-spew v1.1.1/go.mod h1:J7Y8YcW2NihsgmVo/mv3lAwl/skON4iLHjSsI+c5H38=
github.com/golang/gddo v0.0.0-20190419222130-af0f2af80721 h1:KRMr9A3qfbVM7iV/WcLY/rL5LICqwMHLhwRXKu99fXw=
github.com/golang/gddo v0.0.0-20190419222130-af0f2af80721/go.mod h1:xEhNfoBDX1hzLm2Nf80qUvZ2sVwoMZ8d6IE2SrsQfh4=
github.com/google/go-cmp v0.3.1 h1:Xye71clBPdm5HgqGwUkwhbynsUJZhDbS20FvLhQ2izg=
github.com/google/go-cmp v0.3.1/go.mod h1:8QqcDgzrUqlUb/G2PQTWiueGozuR1884gddMywk6iLU=
github.com/google/uuid v1.1.1 h1:Gkbcsh/GbpXz7lPftLA3P6TYMwjCLYm83jiFQZF/3gY=
github.com/google/uuid v1.1.1/go.mod h1:TIyPZe4MgqvfeYDBFedMoGGpEw/LqOeaOT+nhxU+yHo=
github.com/julienschmidt/httprouter v1.3.0 h1:U0609e9tgbseu3rBINet9P48AI/D3oJs4dN7jwJOQ1U=
github.com/julienschmidt/httprouter v1.3.0/go.mod h1:JR6WtHb+2LUe8TCKY3cZOxFyyO8IZAc4RVcycCCAKdM=
github.com/kr/pretty v0.1.0 h1:L/CwN0zerZDmRFUapSPitk6f+Q3+0za1rQkzVuMiMFI=
github.com/kr/pretty v0.1.0/go.mod h1:dAy3ld7l9f0ibDNOQOHHMYYIIbhfbHSm3C4ZsoJORNo=
github.com/kr/pty v1.1.1/go.mod h1:pFQYn66WHrOpPYNljwOMqo10TkYh1fy3cYio2l3bCsQ=
github.com/kr/text v0.1.0 h1:45sCR5RtlFHMR4UwH9sdQ5TC8v0qDQCHnXt+kaKSTVE=
github.com/kr/text v0.1.0/go.mod h1:4Jbv+DJW3UT/LiOwJeYQe1efqtUx/iVham/4vfdArNI=
github.com/neuronlabs/brotli v1.0.1 h1:hsqYyCmZ2zTZlK8FEUgNNGysaO+5SrhaFz/e/FbLlpI=
github.com/neuronlabs/brotli v1.0.1/go.mod h1:iysgfWo5kgcULNA2Yi6IRolAdZtg4EMEJkQPEcXnF5I=
github.com/neuronlabs/inflection v1.0.1 h1:LDuwbM1jYKEf6DDcA7XV7JRn3Sv9/PBiW6iUojZhTZ4=
github.com/neuronlabs/inflection v1.0.1/go.mod h1:gnqNj1uxAGPYT1LsHRvSyBcd57vvIKTuTmS3ffdgRd8=
github.com/neuronlabs/neuron v0.16.0/go.mod h1:RkAuTQSJUhumOl16VQQIBVh4X/sWnzehCWCcrgF3rBI=
github.com/neuronlabs/neuron v0.16.1 h1:5crrcsGdXVkXRwLkjuuS6k8iAzXrTqS9eaaENyOKut4=
github.com/neuronlabs/neuron v0.16.1/go.mod h1:DifnmQQdc0QLsGgXCrj9z2Ly3l4/8axL84LgKMukRuY=
github.com/neuronlabs/neuron v0.17.1 h1:1khtAlaPOhi6SgI7h30NR9Oc/x4FrEd3PEX2l9ro4fk=
github.com/neuronlabs/neuron v0.17.1/go.mod h1:vUgnqObgxnwlR+khg3mcym7/o4BWzql2TmM2HVjFEoA=
github.com/neuronlabs/neuron-extensions/codec/jsonapi v0.0.0-20200809202509-265289d6988d h1:d1/66OblmemhMblmipoFE1jabD3j43GVuZPx1Tv//8E=
github.com/neuronlabs/neuron-extensions/codec/jsonapi v0.0.0-20200809202509-265289d6988d/go.mod h1:lRhfbMUUNCR8YMqUtoKZSCBbtSnyIjMCZxCmIBahm1c=
github.com/neuronlabs/neuron-extensions/server/http v0.0.0-20200809202509-265289d6988d h1:evOYwoN7024YgigKdyk5HYTnceUD1llMkexlWW8DJ1g=
github.com/neuronlabs/neuron-extensions/server/http v0.0.0-20200809202509-265289d6988d/go.mod h1:EcbmSxr9fBbiLwYFRmpJgeyNIMzpiaNmZP30IcNYGXc=
github.com/neuronlabs/strcase v1.0.0 h1:F/7Scr7ojAL6l5g3MQiCENGlMI/NK6LwAfaURcUiI7U=
github.com/neuronlabs/strcase v1.0.0/go.mod h1:IhdRx7jB1zZAQ5r2ryfBc/28sWmXZDbQi7XokQKCpgo=
github.com/patrickmn/go-cache v2.1.0+incompatible/go.mod h1:3Qf8kWWT7OJRJbdiICTKqZju1ZixQ/KpMGzzAfe6+WQ=
github.com/pmezard/go-difflib v1.0.0 h1:4DBwDE0NGyQoBHbLQYPwSUPoCMWR5BEzIk/f1lZbAQM=
github.com/pmezard/go-difflib v1.0.0/go.mod h1:iKH77koFhYxTK1pcRnkKkqfTogsbg7gZNVY4sRDYZ/4=
github.com/stretchr/objx v0.1.0/go.mod h1:HFkY916IF+rwdDfMAkV7OtwuqBVzrE8GR6GFx+wExME=
github.com/stretchr/objx v0.2.0 h1:Hbg2NidpLE8veEBkEZTL3CvlkUIVzuU9jDplZO54c48=
github.com/stretchr/objx v0.2.0/go.mod h1:qt09Ya8vawLte6SNmTgCsAVtYtaKzEcn8ATUoHMkEqE=
github.com/stretchr/testify v1.3.0/go.mod h1:M5WIy9Dh21IEIfnGCwXGc5bZfKNJtfHm1UVUgZn+9EI=
github.com/stretchr/testify v1.4.0 h1:2E4SXV/wtOkTonXsotYi4li6zVWxYlZuYNCXe9XRJyk=
github.com/stretchr/testify v1.4.0/go.mod h1:j7eGeouHqKxXV5pUuKE4zz7dFj8WfuZ+81PSLYec5m4=
github.com/stretchr/testify v1.6.1 h1:hDPOHmpOpP40lSULcqw7IrRb/u7w6RpDC9399XyoNd0=
github.com/stretchr/testify v1.6.1/go.mod h1:6Fq8oRcR53rry900zMqJjRRixrwX3KX962/h/Wwjteg=
gopkg.in/check.v1 v0.0.0-20161208181325-20d25e280405/go.mod h1:Co6ibVJAznAaIkqp8huTwlJQCZ016jof/cbN4VW5Yz0=
gopkg.in/check.v1 v1.0.0-20190902080502-41f04d3bba15 h1:YR8cESwS4TdDjEe65xsg0ogRM/Nc3DYOhEAlW+xobZo=
gopkg.in/check.v1 v1.0.0-20190902080502-41f04d3bba15/go.mod h1:Co6ibVJAznAaIkqp8huTwlJQCZ016jof/cbN4VW5Yz0=
gopkg.in/yaml.v2 v2.2.2/go.mod h1:hI93XBmqTisBFMUTm0b8Fm+jr3Dg1NNxqwp+5A1VGuI=
gopkg.in/yaml.v2 v2.2.3 h1:fvjTMHxHEw/mxHbtzPi3JCcKXQRAnQTBRo6YCJSVHKI=
gopkg.in/yaml.v2 v2.2.3/go.mod h1:hI93XBmqTisBFMUTm0b8Fm+jr3Dg1NNxqwp+5A1VGuI=
gopkg.in/yaml.v3 v3.0.0-20200313102051-9f266ea9e77c h1:dUUwHk2QECo/6vqA44rthZ8ie2QXMNeKRTHCNY2nXvo=
gopkg.in/yaml.v3 v3.0.0-20200313102051-9f266ea9e77c/go.mod h1:K4uyk7z7BCEPqu6E+C64Yfv1cQ7kz7rIZviUmN+EgEM=
